
Microsoft Visual Studio Solution File, Format Version 12.00
# Visual Studio Version 17
VisualStudioVersion = 17.5.002.0
MinimumVisualStudioVersion = 10.0.40219.1
Project("{9A19103F-16F7-4668-BE54-9A1E7A4F7556}") = "ProjetoTetris", "ProjetoTetris.csproj", "{0BDA29EE-6F2C-4102-BB61-BB7022060AE1}"
EndProject
Global
	GlobalSection(SolutionConfigurationPlatforms) = preSolution
		Debug|Any CPU = Debug|Any CPU
		Release|Any CPU = Release|Any CPU
	EndGlobalSection
	GlobalSection(ProjectConfigurationPlatforms) = postSolution
		{0BDA29EE-6F2C-4102-BB61-BB7022060AE1}.Debug|Any CPU.ActiveCfg = Debug|Any CPU
		{0BDA29EE-6F2C-4102-BB61-BB7022060AE1}.Debug|Any CPU.Build.0 = Debug|Any CPU
		{0BDA29EE-6F2C-4102-BB61-BB7022060AE1}.Release|Any CPU.ActiveCfg = Release|Any CPU
		{0BDA29EE-6F2C-4102-BB61-BB7022060AE1}.Release|Any CPU.Build.0 = Release|Any CPU
	EndGlobalSection
	GlobalSection(SolutionProperties) = preSolution
		HideSolutionNode = FALSE
	EndGlobalSection
	GlobalSection(ExtensibilityGlobals) = postSolution
		SolutionGuid = {32AB9AAC-8820-4964-81EC-9531408D43A0}
	EndGlobalSection
EndGlobal
